
Microsoft Visual Studio Solution File, Format Version 12.00
# Visual Studio Version 17
VisualStudioVersion = 17.5.002.0
MinimumVisualStudioVersion = 10.0.40219.1
Project("{9A19103F-16F7-4668-BE54-9A1E7A4F7556}") = "AttacheCase", "AttacheCase.csproj", "{5A805E99-766E-4999-823D-73802BC50B73}"
EndProject
Global
	GlobalSection(SolutionConfigurationPlatforms) = preSolution
		Debug|Any CPU = Debug|Any CPU
		Release|Any CPU = Release|Any CPU
	EndGlobalSection
	GlobalSection(ProjectConfigurationPlatforms) = postSolution
		{5A805E99-766E-4999-823D-73802BC50B73}.Debug|Any CPU.ActiveCfg = Debug|Any CPU
		{5A805E99-766E-4999-823D-73802BC50B73}.Debug|Any CPU.Build.0 = Debug|Any CPU
		{5A805E99-766E-4999-823D-73802BC50B73}.Release|Any CPU.ActiveCfg = Release|Any CPU
		{5A805E99-766E-4999-823D-73802BC50B73}.Release|Any CPU.Build.0 = Release|Any CPU
	EndGlobalSection
	GlobalSection(SolutionProperties) = preSolution
		HideSolutionNode = FALSE
	EndGlobalSection
	GlobalSection(ExtensibilityGlobals) = postSolution
		SolutionGuid = {4B486DB8-4C8C-4EE2-9A04-19993A660C19}
	EndGlobalSection
EndGlobal
