
Microsoft Visual Studio Solution File, Format Version 12.00
# Visual Studio Version 16
VisualStudioVersion = 16.0.31321.278
MinimumVisualStudioVersion = 10.0.40219.1
Project("{FAE04EC0-301F-11D3-BF4B-00C04F79EFBC}") = "ExeToHex", "ExeToHex.csproj", "{FF99DDF5-9ABD-4E7B-B53B-68EE9A755334}"
EndProject
Global
	GlobalSection(SolutionConfigurationPlatforms) = preSolution
		Debug|Any CPU = Debug|Any CPU
		Release|Any CPU = Release|Any CPU
	EndGlobalSection
	GlobalSection(ProjectConfigurationPlatforms) = postSolution
		{FF99DDF5-9ABD-4E7B-B53B-68EE9A755334}.Debug|Any CPU.ActiveCfg = Debug|Any CPU
		{FF99DDF5-9ABD-4E7B-B53B-68EE9A755334}.Debug|Any CPU.Build.0 = Debug|Any CPU
		{FF99DDF5-9ABD-4E7B-B53B-68EE9A755334}.Release|Any CPU.ActiveCfg = Release|Any CPU
		{FF99DDF5-9ABD-4E7B-B53B-68EE9A755334}.Release|Any CPU.Build.0 = Release|Any CPU
	EndGlobalSection
	GlobalSection(SolutionProperties) = preSolution
		HideSolutionNode = FALSE
	EndGlobalSection
	GlobalSection(ExtensibilityGlobals) = postSolution
		SolutionGuid = {0AE383D0-309A-4137-9D4F-B830FAF8EF1E}
	EndGlobalSection
EndGlobal
